# THIS IS AN AUTOGENERATED FILE. DO NOT EDIT THIS FILE DIRECTLY.
# yarn lockfile v1


"@types/ramda@^0.28.18":
  version "0.28.18"
  resolved "https://registry.yarnpkg.com/@types/ramda/-/ramda-0.28.18.tgz#b95942143937f41302100e43cd02a87da9f9ff10"
  integrity sha512-DlhIC80d1ArfB1jz8C5OzavJfIj6hmEOQzCzy7Nt0FRqXJbmWTt05vI+f3rfC+3AR1VQwvyCMaCyZv++HGk+6w==
  dependencies:
    ts-toolbelt "^6.15.1"

ramda@^0.28.0:
  version "0.28.0"
  resolved "https://registry.yarnpkg.com/ramda/-/ramda-0.28.0.tgz#acd785690100337e8b063cab3470019be427cc97"
  integrity sha512-9QnLuG/kPVgWvMQ4aODhsBUFKOUmnbUnsSXACv+NCQZcHbeb+v8Lodp8OVxtRULN1/xOyYLLaL6npE6dMq5QTA==

ts-toolbelt@^6.15.1:
  version "6.15.5"
  resolved "https://registry.yarnpkg.com/ts-toolbelt/-/ts-toolbelt-6.15.5.tgz#cb3b43ed725cb63644782c64fbcad7d8f28c0a83"
  integrity sha512-FZIXf1ksVyLcfr7M317jbB67XFJhOO1YqdTcuGaq9q5jLUoTikukZ+98TPjKiP2jC5CgmYdWWYs0s2nLSU0/1A==
